// !$*UTF8*$!
{
	archiveVersion = 1;
	classes = {
	};
	objectVersion = 51;
	objects = {

/* Begin PBXBuildFile section */
		364719FEAAB69CC374B22AB9 /* Pods_instagramUITests.framework in Frameworks */ = {isa = PBXBuildFile; fileRef = 65E53F64065F339D6F7F12DA /* Pods_instagramUITests.framework */; };
		851B3C6522D69EC8002F3845 /* DetailsViewController.m in Sources */ = {isa = PBXBuildFile; fileRef = 851B3C6422D69EC8002F3845 /* DetailsViewController.m */; };
		851B3C6B22D6AAE0002F3845 /* ProfileViewController.m in Sources */ = {isa = PBXBuildFile; fileRef = 851B3C6A22D6AAE0002F3845 /* ProfileViewController.m */; };
		851C300F22D3FBD80006E193 /* AppDelegate.m in Sources */ = {isa = PBXBuildFile; fileRef = 851C300E22D3FBD80006E193 /* AppDelegate.m */; };
		851C301522D3FBD80006E193 /* Main.storyboard in Resources */ = {isa = PBXBuildFile; fileRef = 851C301322D3FBD80006E193 /* Main.storyboard */; };
		851C301722D3FBD90006E193 /* Assets.xcassets in Resources */ = {isa = PBXBuildFile; fileRef = 851C301622D3FBD90006E193 /* Assets.xcassets */; };
		851C301A22D3FBD90006E193 /* LaunchScreen.storyboard in Resources */ = {isa = PBXBuildFile; fileRef = 851C301822D3FBD90006E193 /* LaunchScreen.storyboard */; };
		851C301D22D3FBD90006E193 /* main.m in Sources */ = {isa = PBXBuildFile; fileRef = 851C301C22D3FBD90006E193 /* main.m */; };
		851C302722D3FBD90006E193 /* instagramTests.m in Sources */ = {isa = PBXBuildFile; fileRef = 851C302622D3FBD90006E193 /* instagramTests.m */; };
		851C303222D3FBD90006E193 /* instagramUITests.m in Sources */ = {isa = PBXBuildFile; fileRef = 851C303122D3FBD90006E193 /* instagramUITests.m */; };
		851C304222D406E80006E193 /* SignUpViewController.m in Sources */ = {isa = PBXBuildFile; fileRef = 851C304122D406E80006E193 /* SignUpViewController.m */; };
		851C304522D40D6F0006E193 /* LogInViewController.m in Sources */ = {isa = PBXBuildFile; fileRef = 851C304422D40D6F0006E193 /* LogInViewController.m */; };
		851C304822D412C10006E193 /* FeedViewController.m in Sources */ = {isa = PBXBuildFile; fileRef = 851C304722D412C10006E193 /* FeedViewController.m */; };
		851C304B22D529C40006E193 /* PostViewController.m in Sources */ = {isa = PBXBuildFile; fileRef = 851C304A22D529C40006E193 /* PostViewController.m */; };
		851C304F22D543A00006E193 /* Post.m in Sources */ = {isa = PBXBuildFile; fileRef = 851C304E22D543A00006E193 /* Post.m */; };
		851C305322D568050006E193 /* PostCell.m in Sources */ = {isa = PBXBuildFile; fileRef = 851C305222D568050006E193 /* PostCell.m */; };
		9D2C6EEF0AD2E6D65447C14E /* Pods_instagram.framework in Frameworks */ = {isa = PBXBuildFile; fileRef = 546EA8591A4054F1C24B66B8 /* Pods_instagram.framework */; };
		D6FE965CC5DCB75BE410B64C /* Pods_instagramTests.framework in Frameworks */ = {isa = PBXBuildFile; fileRef = 41BA016C28059EE4883C3DBC /* Pods_instagramTests.framework */; };
/* End PBXBuildFile section */

/* Begin PBXContainerItemProxy section */
		851C302322D3FBD90006E193 /* PBXContainerItemProxy */ = {
			isa = PBXContainerItemProxy;
			containerPortal = 851C300222D3FBD80006E193 /* Project object */;
			proxyType = 1;
			remoteGlobalIDString = 851C300922D3FBD80006E193;
			remoteInfo = instagram;
		};
		851C302E22D3FBD90006E193 /* PBXContainerItemProxy */ = {
			isa = PBXContainerItemProxy;
			containerPortal = 851C300222D3FBD80006E193 /* Project object */;
			proxyType = 1;
			remoteGlobalIDString = 851C300922D3FBD80006E193;
			remoteInfo = instagram;
		};
/* End PBXContainerItemProxy section */

/* Begin PBXFileReference section */
		2651908FA3503B9FB71B167B /* Pods-instagramTests.debug.xcconfig */ = {isa = PBXFileReference; includeInIndex = 1; lastKnownFileType = text.xcconfig; name = "Pods-instagramTests.debug.xcconfig"; path = "Target Support Files/Pods-instagramTests/Pods-instagramTests.debug.xcconfig"; sourceTree = "<group>"; };
		298B2DB888126AB80CF54440 /* Pods-instagram.release.xcconfig */ = {isa = PBXFileReference; includeInIndex = 1; lastKnownFileType = text.xcconfig; name = "Pods-instagram.release.xcconfig"; path = "Target Support Files/Pods-instagram/Pods-instagram.release.xcconfig"; sourceTree = "<group>"; };
		41BA016C28059EE4883C3DBC /* Pods_instagramTests.framework */ = {isa = PBXFileReference; explicitFileType = wrapper.framework; includeInIndex = 0; path = Pods_instagramTests.framework; sourceTree = BUILT_PRODUCTS_DIR; };
		546EA8591A4054F1C24B66B8 /* Pods_instagram.framework */ = {isa = PBXFileReference; explicitFileType = wrapper.framework; includeInIndex = 0; path = Pods_instagram.framework; sourceTree = BUILT_PRODUCTS_DIR; };
		65E53F64065F339D6F7F12DA /* Pods_instagramUITests.framework */ = {isa = PBXFileReference; explicitFileType = wrapper.framework; includeInIndex = 0; path = Pods_instagramUITests.framework; sourceTree = BUILT_PRODUCTS_DIR; };
		851B3C6322D69EC8002F3845 /* DetailsViewController.h */ = {isa = PBXFileReference; lastKnownFileType = sourcecode.c.h; path = DetailsViewController.h; sourceTree = "<group>"; };
		851B3C6422D69EC8002F3845 /* DetailsViewController.m */ = {isa = PBXFileReference; lastKnownFileType = sourcecode.c.objc; path = DetailsViewController.m; sourceTree = "<group>"; };
		851B3C6922D6AAE0002F3845 /* ProfileViewController.h */ = {isa = PBXFileReference; lastKnownFileType = sourcecode.c.h; path = ProfileViewController.h; sourceTree = "<group>"; };
		851B3C6A22D6AAE0002F3845 /* ProfileViewController.m */ = {isa = PBXFileReference; lastKnownFileType = sourcecode.c.objc; path = ProfileViewController.m; sourceTree = "<group>"; };
		851C300A22D3FBD80006E193 /* instagram.app */ = {isa = PBXFileReference; explicitFileType = wrapper.application; includeInIndex = 0; path = instagram.app; sourceTree = BUILT_PRODUCTS_DIR; };
		851C300D22D3FBD80006E193 /* AppDelegate.h */ = {isa = PBXFileReference; lastKnownFileType = sourcecode.c.h; path = AppDelegate.h; sourceTree = "<group>"; };
		851C300E22D3FBD80006E193 /* AppDelegate.m */ = {isa = PBXFileReference; lastKnownFileType = sourcecode.c.objc; path = AppDelegate.m; sourceTree = "<group>"; };
		851C301422D3FBD80006E193 /* Base */ = {isa = PBXFileReference; lastKnownFileType = file.storyboard; name = Base; path = Base.lproj/Main.storyboard; sourceTree = "<group>"; };
		851C301622D3FBD90006E193 /* Assets.xcassets */ = {isa = PBXFileReference; lastKnownFileType = folder.assetcatalog; path = Assets.xcassets; sourceTree = "<group>"; };
		851C301922D3FBD90006E193 /* Base */ = {isa = PBXFileReference; lastKnownFileType = file.storyboard; name = Base; path = Base.lproj/LaunchScreen.storyboard; sourceTree = "<group>"; };
		851C301B22D3FBD90006E193 /* Info.plist */ = {isa = PBXFileReference; lastKnownFileType = text.plist.xml; path = Info.plist; sourceTree = "<group>"; };
		851C301C22D3FBD90006E193 /* main.m */ = {isa = PBXFileReference; lastKnownFileType = sourcecode.c.objc; path = main.m; sourceTree = "<group>"; };
		851C302222D3FBD90006E193 /* instagramTests.xctest */ = {isa = PBXFileReference; explicitFileType = wrapper.cfbundle; includeInIndex = 0; path = instagramTests.xctest; sourceTree = BUILT_PRODUCTS_DIR; };
		851C302622D3FBD90006E193 /* instagramTests.m */ = {isa = PBXFileReference; lastKnownFileType = sourcecode.c.objc; path = instagramTests.m; sourceTree = "<group>"; };
		851C302822D3FBD90006E193 /* Info.plist */ = {isa = PBXFileReference; lastKnownFileType = text.plist.xml; path = Info.plist; sourceTree = "<group>"; };
		851C302D22D3FBD90006E193 /* instagramUITests.xctest */ = {isa = PBXFileReference; explicitFileType = wrapper.cfbundle; includeInIndex = 0; path = instagramUITests.xctest; sourceTree = BUILT_PRODUCTS_DIR; };
		851C303122D3FBD90006E193 /* instagramUITests.m */ = {isa = PBXFileReference; lastKnownFileType = sourcecode.c.objc; path = instagramUITests.m; sourceTree = "<group>"; };
		851C303322D3FBD90006E193 /* Info.plist */ = {isa = PBXFileReference; lastKnownFileType = text.plist.xml; path = Info.plist; sourceTree = "<group>"; };
		851C304022D406E80006E193 /* SignUpViewController.h */ = {isa = PBXFileReference; lastKnownFileType = sourcecode.c.h; path = SignUpViewController.h; sourceTree = "<group>"; };
		851C304122D406E80006E193 /* SignUpViewController.m */ = {isa = PBXFileReference; lastKnownFileType = sourcecode.c.objc; path = SignUpViewController.m; sourceTree = "<group>"; };
		851C304322D40D6F0006E193 /* LogInViewController.h */ = {isa = PBXFileReference; lastKnownFileType = sourcecode.c.h; path = LogInViewController.h; sourceTree = "<group>"; };
		851C304422D40D6F0006E193 /* LogInViewController.m */ = {isa = PBXFileReference; lastKnownFileType = sourcecode.c.objc; path = LogInViewController.m; sourceTree = "<group>"; };
		851C304622D412C10006E193 /* FeedViewController.h */ = {isa = PBXFileReference; lastKnownFileType = sourcecode.c.h; path = FeedViewController.h; sourceTree = "<group>"; };
		851C304722D412C10006E193 /* FeedViewController.m */ = {isa = PBXFileReference; lastKnownFileType = sourcecode.c.objc; path = FeedViewController.m; sourceTree = "<group>"; };
		851C304922D529C40006E193 /* PostViewController.h */ = {isa = PBXFileReference; lastKnownFileType = sourcecode.c.h; path = PostViewController.h; sourceTree = "<group>"; };
		851C304A22D529C40006E193 /* PostViewController.m */ = {isa = PBXFileReference; lastKnownFileType = sourcecode.c.objc; path = PostViewController.m; sourceTree = "<group>"; };
		851C304D22D543A00006E193 /* Post.h */ = {isa = PBXFileReference; lastKnownFileType = sourcecode.c.h; path = Post.h; sourceTree = "<group>"; };
		851C304E22D543A00006E193 /* Post.m */ = {isa = PBXFileReference; lastKnownFileType = sourcecode.c.objc; path = Post.m; sourceTree = "<group>"; };
		851C305122D568050006E193 /* PostCell.h */ = {isa = PBXFileReference; lastKnownFileType = sourcecode.c.h; path = PostCell.h; sourceTree = "<group>"; };
		851C305222D568050006E193 /* PostCell.m */ = {isa = PBXFileReference; lastKnownFileType = sourcecode.c.objc; path = PostCell.m; sourceTree = "<group>"; };
		8C5F744C6233EE2DAEE75CFC /* Pods-instagram.debug.xcconfig */ = {isa = PBXFileReference; includeInIndex = 1; lastKnownFileType = text.xcconfig; name = "Pods-instagram.debug.xcconfig"; path = "Target Support Files/Pods-instagram/Pods-instagram.debug.xcconfig"; sourceTree = "<group>"; };
		A882C65C27F51EA53CB05652 /* Pods-instagramUITests.debug.xcconfig */ = {isa = PBXFileReference; includeInIndex = 1; lastKnownFileType = text.xcconfig; name = "Pods-instagramUITests.debug.xcconfig"; path = "Target Support Files/Pods-instagramUITests/Pods-instagramUITests.debug.xcconfig"; sourceTree = "<group>"; };
		D1287DD3B3C330000B397DF8 /* Pods-instagramTests.release.xcconfig */ = {isa = PBXFileReference; includeInIndex = 1; lastKnownFileType = text.xcconfig; name = "Pods-instagramTests.release.xcconfig"; path = "Target Support Files/Pods-instagramTests/Pods-instagramTests.release.xcconfig"; sourceTree = "<group>"; };
		E6B391581FEBBA73F8DB649F /* Pods-instagramUITests.release.xcconfig */ = {isa = PBXFileReference; includeInIndex = 1; lastKnownFileType = text.xcconfig; name = "Pods-instagramUITests.release.xcconfig"; path = "Target Support Files/Pods-instagramUITests/Pods-instagramUITests.release.xcconfig"; sourceTree = "<group>"; };
/* End PBXFileReference section */

/* Begin PBXFrameworksBuildPhase section */
		851C300722D3FBD80006E193 /* Frameworks */ = {
			isa = PBXFrameworksBuildPhase;
			buildActionMask = 2147483647;
			files = (
				9D2C6EEF0AD2E6D65447C14E /* Pods_instagram.framework in Frameworks */,
			);
			runOnlyForDeploymentPostprocessing = 0;
		};
		851C301F22D3FBD90006E193 /* Frameworks */ = {
			isa = PBXFrameworksBuildPhase;
			buildActionMask = 2147483647;
			files = (
				D6FE965CC5DCB75BE410B64C /* Pods_instagramTests.framework in Frameworks */,
			);
			runOnlyForDeploymentPostprocessing = 0;
		};
		851C302A22D3FBD90006E193 /* Frameworks */ = {
			isa = PBXFrameworksBuildPhase;
			buildActionMask = 2147483647;
			files = (
				364719FEAAB69CC374B22AB9 /* Pods_instagramUITests.framework in Frameworks */,
			);
			runOnlyForDeploymentPostprocessing = 0;
		};
/* End PBXFrameworksBuildPhase section */

/* Begin PBXGroup section */
		345DB1A11CF6541B8692B93C /* Frameworks */ = {
			isa = PBXGroup;
			children = (
				546EA8591A4054F1C24B66B8 /* Pods_instagram.framework */,
				41BA016C28059EE4883C3DBC /* Pods_instagramTests.framework */,
				65E53F64065F339D6F7F12DA /* Pods_instagramUITests.framework */,
			);
			name = Frameworks;
			sourceTree = "<group>";
		};
		37901425893FBCBA1FE83EFC /* Pods */ = {
			isa = PBXGroup;
			children = (
				8C5F744C6233EE2DAEE75CFC /* Pods-instagram.debug.xcconfig */,
				298B2DB888126AB80CF54440 /* Pods-instagram.release.xcconfig */,
				2651908FA3503B9FB71B167B /* Pods-instagramTests.debug.xcconfig */,
				D1287DD3B3C330000B397DF8 /* Pods-instagramTests.release.xcconfig */,
				A882C65C27F51EA53CB05652 /* Pods-instagramUITests.debug.xcconfig */,
				E6B391581FEBBA73F8DB649F /* Pods-instagramUITests.release.xcconfig */,
			);
			path = Pods;
			sourceTree = "<group>";
		};
		851C300122D3FBD80006E193 = {
			isa = PBXGroup;
			children = (
				851C300C22D3FBD80006E193 /* instagram */,
				851C302522D3FBD90006E193 /* instagramTests */,
				851C303022D3FBD90006E193 /* instagramUITests */,
				851C300B22D3FBD80006E193 /* Products */,
				37901425893FBCBA1FE83EFC /* Pods */,
				345DB1A11CF6541B8692B93C /* Frameworks */,
			);
			sourceTree = "<group>";
		};
		851C300B22D3FBD80006E193 /* Products */ = {
			isa = PBXGroup;
			children = (
				851C300A22D3FBD80006E193 /* instagram.app */,
				851C302222D3FBD90006E193 /* instagramTests.xctest */,
				851C302D22D3FBD90006E193 /* instagramUITests.xctest */,
			);
			name = Products;
			sourceTree = "<group>";
		};
		851C300C22D3FBD80006E193 /* instagram */ = {
			isa = PBXGroup;
			children = (
				851C305022D567D50006E193 /* Views */,
				851C304C22D543820006E193 /* Models */,
				851C303F22D406B10006E193 /* View Controllers */,
				851C300D22D3FBD80006E193 /* AppDelegate.h */,
				851C300E22D3FBD80006E193 /* AppDelegate.m */,
				851C301322D3FBD80006E193 /* Main.storyboard */,
				851C301622D3FBD90006E193 /* Assets.xcassets */,
				851C301822D3FBD90006E193 /* LaunchScreen.storyboard */,
				851C301B22D3FBD90006E193 /* Info.plist */,
				851C301C22D3FBD90006E193 /* main.m */,
			);
			path = instagram;
			sourceTree = "<group>";
		};
		851C302522D3FBD90006E193 /* instagramTests */ = {
			isa = PBXGroup;
			children = (
				851C302622D3FBD90006E193 /* instagramTests.m */,
				851C302822D3FBD90006E193 /* Info.plist */,
			);
			path = instagramTests;
			sourceTree = "<group>";
		};
		851C303022D3FBD90006E193 /* instagramUITests */ = {
			isa = PBXGroup;
			children = (
				851C303122D3FBD90006E193 /* instagramUITests.m */,
				851C303322D3FBD90006E193 /* Info.plist */,
			);
			path = instagramUITests;
			sourceTree = "<group>";
		};
		851C303F22D406B10006E193 /* View Controllers */ = {
			isa = PBXGroup;
			children = (
				851C304022D406E80006E193 /* SignUpViewController.h */,
				851C304122D406E80006E193 /* SignUpViewController.m */,
				851C304322D40D6F0006E193 /* LogInViewController.h */,
				851C304422D40D6F0006E193 /* LogInViewController.m */,
				851C304622D412C10006E193 /* FeedViewController.h */,
				851C304722D412C10006E193 /* FeedViewController.m */,
				851B3C6322D69EC8002F3845 /* DetailsViewController.h */,
				851B3C6422D69EC8002F3845 /* DetailsViewController.m */,
				851C304922D529C40006E193 /* PostViewController.h */,
				851C304A22D529C40006E193 /* PostViewController.m */,
				851B3C6922D6AAE0002F3845 /* ProfileViewController.h */,
				851B3C6A22D6AAE0002F3845 /* ProfileViewController.m */,
			);
			path = "View Controllers";
			sourceTree = "<group>";
		};
		851C304C22D543820006E193 /* Models */ = {
			isa = PBXGroup;
			children = (
				851C304D22D543A00006E193 /* Post.h */,
				851C304E22D543A00006E193 /* Post.m */,
			);
			path = Models;
			sourceTree = "<group>";
		};
		851C305022D567D50006E193 /* Views */ = {
			isa = PBXGroup;
			children = (
				851C305122D568050006E193 /* PostCell.h */,
				851C305222D568050006E193 /* PostCell.m */,
			);
			path = Views;
			sourceTree = "<group>";
		};
/* End PBXGroup section */

/* Begin PBXNativeTarget section */
		851C300922D3FBD80006E193 /* instagram */ = {
			isa = PBXNativeTarget;
			buildConfigurationList = 851C303622D3FBD90006E193 /* Build configuration list for PBXNativeTarget "instagram" */;
			buildPhases = (
				EF637A5151BA7B7FF02E0BAD /* [CP] Check Pods Manifest.lock */,
				851C300622D3FBD80006E193 /* Sources */,
				851C300722D3FBD80006E193 /* Frameworks */,
				851C300822D3FBD80006E193 /* Resources */,
				E9DBFE41FB11019594008416 /* [CP] Embed Pods Frameworks */,
			);
			buildRules = (
			);
			dependencies = (
			);
			name = instagram;
			productName = instagram;
			productReference = 851C300A22D3FBD80006E193 /* instagram.app */;
			productType = "com.apple.product-type.application";
		};
		851C302122D3FBD90006E193 /* instagramTests */ = {
			isa = PBXNativeTarget;
			buildConfigurationList = 851C303922D3FBD90006E193 /* Build configuration list for PBXNativeTarget "instagramTests" */;
			buildPhases = (
				9B69E28E0C0D7F96C9796D82 /* [CP] Check Pods Manifest.lock */,
				851C301E22D3FBD90006E193 /* Sources */,
				851C301F22D3FBD90006E193 /* Frameworks */,
				851C302022D3FBD90006E193 /* Resources */,
			);
			buildRules = (
			);
			dependencies = (
				851C302422D3FBD90006E193 /* PBXTargetDependency */,
			);
			name = instagramTests;
			productName = instagramTests;
			productReference = 851C302222D3FBD90006E193 /* instagramTests.xctest */;
			productType = "com.apple.product-type.bundle.unit-test";
		};
		851C302C22D3FBD90006E193 /* instagramUITests */ = {
			isa = PBXNativeTarget;
			buildConfigurationList = 851C303C22D3FBD90006E193 /* Build configuration list for PBXNativeTarget "instagramUITests" */;
			buildPhases = (
				0C3CE2147196617915F0A8C2 /* [CP] Check Pods Manifest.lock */,
				851C302922D3FBD90006E193 /* Sources */,
				851C302A22D3FBD90006E193 /* Frameworks */,
				851C302B22D3FBD90006E193 /* Resources */,
			);
			buildRules = (
			);
			dependencies = (
				851C302F22D3FBD90006E193 /* PBXTargetDependency */,
			);
			name = instagramUITests;
			productName = instagramUITests;
			productReference = 851C302D22D3FBD90006E193 /* instagramUITests.xctest */;
			productType = "com.apple.product-type.bundle.ui-testing";
		};
/* End PBXNativeTarget section */

/* Begin PBXProject section */
		851C300222D3FBD80006E193 /* Project object */ = {
			isa = PBXProject;
			attributes = {
				LastUpgradeCheck = 1020;
				ORGANIZATIONNAME = lucjia;
				TargetAttributes = {
					851C300922D3FBD80006E193 = {
						CreatedOnToolsVersion = 10.2.1;
					};
					851C302122D3FBD90006E193 = {
						CreatedOnToolsVersion = 10.2.1;
						TestTargetID = 851C300922D3FBD80006E193;
					};
					851C302C22D3FBD90006E193 = {
						CreatedOnToolsVersion = 10.2.1;
						TestTargetID = 851C300922D3FBD80006E193;
					};
				};
			};
			buildConfigurationList = 851C300522D3FBD80006E193 /* Build configuration list for PBXProject "instagram" */;
			compatibilityVersion = "Xcode 9.3";
			developmentRegion = en;
			hasScannedForEncodings = 0;
			knownRegions = (
				en,
				Base,
			);
			mainGroup = 851C300122D3FBD80006E193;
			productRefGroup = 851C300B22D3FBD80006E193 /* Products */;
			projectDirPath = "";
			projectRoot = "";
			targets = (
				851C300922D3FBD80006E193 /* instagram */,
				851C302122D3FBD90006E193 /* instagramTests */,
				851C302C22D3FBD90006E193 /* instagramUITests */,
			);
		};
/* End PBXProject section */

/* Begin PBXResourcesBuildPhase section */
		851C300822D3FBD80006E193 /* Resources */ = {
			isa = PBXResourcesBuildPhase;
			buildActionMask = 2147483647;
			files = (
				851C301A22D3FBD90006E193 /* LaunchScreen.storyboard in Resources */,
				851C301722D3FBD90006E193 /* Assets.xcassets in Resources */,
				851C301522D3FBD80006E193 /* Main.storyboard in Resources */,
			);
			runOnlyForDeploymentPostprocessing = 0;
		};
		851C302022D3FBD90006E193 /* Resources */ = {
			isa = PBXResourcesBuildPhase;
			buildActionMask = 2147483647;
			files = (
			);
			runOnlyForDeploymentPostprocessing = 0;
		};
		851C302B22D3FBD90006E193 /* Resources */ = {
			isa = PBXResourcesBuildPhase;
			buildActionMask = 2147483647;
			files = (
			);
			runOnlyForDeploymentPostprocessing = 0;
		};
/* End PBXResourcesBuildPhase section */

/* Begin PBXShellScriptBuildPhase section */
		0C3CE2147196617915F0A8C2 /* [CP] Check Pods Manifest.lock */ = {
			isa = PBXShellScriptBuildPhase;
			buildActionMask = 2147483647;
			files = (
			);
			inputFileListPaths = (
			);
			inputPaths = (
				"${PODS_PODFILE_DIR_PATH}/Podfile.lock",
				"${PODS_ROOT}/Manifest.lock",
			);
			name = "[CP] Check Pods Manifest.lock";
			outputFileListPaths = (
			);
			outputPaths = (
				"$(DERIVED_FILE_DIR)/Pods-instagramUITests-checkManifestLockResult.txt",
			);
			runOnlyForDeploymentPostprocessing = 0;
			shellPath = /bin/sh;
			shellScript = "diff \"${PODS_PODFILE_DIR_PATH}/Podfile.lock\" \"${PODS_ROOT}/Manifest.lock\" > /dev/null\nif [ $? != 0 ] ; then\n    # print error to STDERR\n    echo \"error: The sandbox is not in sync with the Podfile.lock. Run 'pod install' or update your CocoaPods installation.\" >&2\n    exit 1\nfi\n# This output is used by Xcode 'outputs' to avoid re-running this script phase.\necho \"SUCCESS\" > \"${SCRIPT_OUTPUT_FILE_0}\"\n";
			showEnvVarsInLog = 0;
		};
		9B69E28E0C0D7F96C9796D82 /* [CP] Check Pods Manifest.lock */ = {
			isa = PBXShellScriptBuildPhase;
			buildActionMask = 2147483647;
			files = (
			);
			inputFileListPaths = (
			);
			inputPaths = (
				"${PODS_PODFILE_DIR_PATH}/Podfile.lock",
				"${PODS_ROOT}/Manifest.lock",
			);
			name = "[CP] Check Pods Manifest.lock";
			outputFileListPaths = (
			);
			outputPaths = (
				"$(DERIVED_FILE_DIR)/Pods-instagramTests-checkManifestLockResult.txt",
			);
			runOnlyForDeploymentPostprocessing = 0;
			shellPath = /bin/sh;
			shellScript = "diff \"${PODS_PODFILE_DIR_PATH}/Podfile.lock\" \"${PODS_ROOT}/Manifest.lock\" > /dev/null\nif [ $? != 0 ] ; then\n    # print error to STDERR\n    echo \"error: The sandbox is not in sync with the Podfile.lock. Run 'pod install' or update your CocoaPods installation.\" >&2\n    exit 1\nfi\n# This output is used by Xcode 'outputs' to avoid re-running this script phase.\necho \"SUCCESS\" > \"${SCRIPT_OUTPUT_FILE_0}\"\n";
			showEnvVarsInLog = 0;
		};
		E9DBFE41FB11019594008416 /* [CP] Embed Pods Frameworks */ = {
			isa = PBXShellScriptBuildPhase;
			buildActionMask = 2147483647;
			files = (
			);
			inputFileListPaths = (
				"${PODS_ROOT}/Target Support Files/Pods-instagram/Pods-instagram-frameworks-${CONFIGURATION}-input-files.xcfilelist",
			);
			name = "[CP] Embed Pods Frameworks";
			outputFileListPaths = (
				"${PODS_ROOT}/Target Support Files/Pods-instagram/Pods-instagram-frameworks-${CONFIGURATION}-output-files.xcfilelist",
			);
			runOnlyForDeploymentPostprocessing = 0;
			shellPath = /bin/sh;
			shellScript = "\"${PODS_ROOT}/Target Support Files/Pods-instagram/Pods-instagram-frameworks.sh\"\n";
			showEnvVarsInLog = 0;
		};
		EF637A5151BA7B7FF02E0BAD /* [CP] Check Pods Manifest.lock */ = {
			isa = PBXShellScriptBuildPhase;
			buildActionMask = 2147483647;
			files = (
			);
			inputFileListPaths = (
			);
			inputPaths = (
				"${PODS_PODFILE_DIR_PATH}/Podfile.lock",
				"${PODS_ROOT}/Manifest.lock",
			);
			name = "[CP] Check Pods Manifest.lock";
			outputFileListPaths = (
			);
			outputPaths = (
				"$(DERIVED_FILE_DIR)/Pods-instagram-checkManifestLockResult.txt",
			);
			runOnlyForDeploymentPostprocessing = 0;
			shellPath = /bin/sh;
			shellScript = "diff \"${PODS_PODFILE_DIR_PATH}/Podfile.lock\" \"${PODS_ROOT}/Manifest.lock\" > /dev/null\nif [ $? != 0 ] ; then\n    # print error to STDERR\n    echo \"error: The sandbox is not in sync with the Podfile.lock. Run 'pod install' or update your CocoaPods installation.\" >&2\n    exit 1\nfi\n# This output is used by Xcode 'outputs' to avoid re-running this script phase.\necho \"SUCCESS\" > \"${SCRIPT_OUTPUT_FILE_0}\"\n";
			showEnvVarsInLog = 0;
		};
/* End PBXShellScriptBuildPhase section */

/* Begin PBXSourcesBuildPhase section */
		851C300622D3FBD80006E193 /* Sources */ = {
			isa = PBXSourcesBuildPhase;
			buildActionMask = 2147483647;
			files = (
				851C304522D40D6F0006E193 /* LogInViewController.m in Sources */,
				851C304822D412C10006E193 /* FeedViewController.m in Sources */,
				851C304B22D529C40006E193 /* PostViewController.m in Sources */,
				851C305322D568050006E193 /* PostCell.m in Sources */,
				851B3C6B22D6AAE0002F3845 /* ProfileViewController.m in Sources */,
				851C301D22D3FBD90006E193 /* main.m in Sources */,
				851C304222D406E80006E193 /* SignUpViewController.m in Sources */,
				851B3C6522D69EC8002F3845 /* DetailsViewController.m in Sources */,
				851C300F22D3FBD80006E193 /* AppDelegate.m in Sources */,
				851C304F22D543A00006E193 /* Post.m in Sources */,
			);
			runOnlyForDeploymentPostprocessing = 0;
		};
		851C301E22D3FBD90006E193 /* Sources */ = {
			isa = PBXSourcesBuildPhase;
			buildActionMask = 2147483647;
			files = (
				851C302722D3FBD90006E193 /* instagramTests.m in Sources */,
			);
			runOnlyForDeploymentPostprocessing = 0;
		};
		851C302922D3FBD90006E193 /* Sources */ = {
			isa = PBXSourcesBuildPhase;
			buildActionMask = 2147483647;
			files = (
				851C303222D3FBD90006E193 /* instagramUITests.m in Sources */,
			);
			runOnlyForDeploymentPostprocessing = 0;
		};
/* End PBXSourcesBuildPhase section */

/* Begin PBXTargetDependency section */
		851C302422D3FBD90006E193 /* PBXTargetDependency */ = {
			isa = PBXTargetDependency;
			target = 851C300922D3FBD80006E193 /* instagram */;
			targetProxy = 851C302322D3FBD90006E193 /* PBXContainerItemProxy */;
		};
		851C302F22D3FBD90006E193 /* PBXTargetDependency */ = {
			isa = PBXTargetDependency;
			target = 851C300922D3FBD80006E193 /* instagram */;
			targetProxy = 851C302E22D3FBD90006E193 /* PBXContainerItemProxy */;
		};
/* End PBXTargetDependency section */

/* Begin PBXVariantGroup section */
		851C301322D3FBD80006E193 /* Main.storyboard */ = {
			isa = PBXVariantGroup;
			children = (
				851C301422D3FBD80006E193 /* Base */,
			);
			name = Main.storyboard;
			sourceTree = "<group>";
		};
		851C301822D3FBD90006E193 /* LaunchScreen.storyboard */ = {
			isa = PBXVariantGroup;
			children = (
				851C301922D3FBD90006E193 /* Base */,
			);
			name = LaunchScreen.storyboard;
			sourceTree = "<group>";
		};
/* End PBXVariantGroup section */

/* Begin XCBuildConfiguration section */
		851C303422D3FBD90006E193 /* Debug */ = {
			isa = XCBuildConfiguration;
			buildSettings = {
				ALWAYS_SEARCH_USER_PATHS = NO;
				CLANG_ANALYZER_NONNULL = YES;
				CLANG_ANALYZER_NUMBER_OBJECT_CONVERSION = YES_AGGRESSIVE;
				CLANG_CXX_LANGUAGE_STANDARD = "gnu++14";
				CLANG_CXX_LIBRARY = "libc++";
				CLANG_ENABLE_MODULES = YES;
				CLANG_ENABLE_OBJC_ARC = YES;
				CLANG_ENABLE_OBJC_WEAK = YES;
				CLANG_WARN_BLOCK_CAPTURE_AUTORELEASING = YES;
				CLANG_WARN_BOOL_CONVERSION = YES;
				CLANG_WARN_COMMA = YES;
				CLANG_WARN_CONSTANT_CONVERSION = YES;
				CLANG_WARN_DEPRECATED_OBJC_IMPLEMENTATIONS = YES;
				CLANG_WARN_DIRECT_OBJC_ISA_USAGE = YES_ERROR;
				CLANG_WARN_DOCUMENTATION_COMMENTS = YES;
				CLANG_WARN_EMPTY_BODY = YES;
				CLANG_WARN_ENUM_CONVERSION = YES;
				CLANG_WARN_INFINITE_RECURSION = YES;
				CLANG_WARN_INT_CONVERSION = YES;
				CLANG_WARN_NON_LITERAL_NULL_CONVERSION = YES;
				CLANG_WARN_OBJC_IMPLICIT_RETAIN_SELF = YES;
				CLANG_WARN_OBJC_LITERAL_CONVERSION = YES;
				CLANG_WARN_OBJC_ROOT_CLASS = YES_ERROR;
				CLANG_WARN_RANGE_LOOP_ANALYSIS = YES;
				CLANG_WARN_STRICT_PROTOTYPES = YES;
				CLANG_WARN_SUSPICIOUS_MOVE = YES;
				CLANG_WARN_UNGUARDED_AVAILABILITY = YES_AGGRESSIVE;
				CLANG_WARN_UNREACHABLE_CODE = YES;
				CLANG_WARN__DUPLICATE_METHOD_MATCH = YES;
				CODE_SIGN_IDENTITY = "iPhone Developer";
				COPY_PHASE_STRIP = NO;
				DEBUG_INFORMATION_FORMAT = dwarf;
				ENABLE_STRICT_OBJC_MSGSEND = YES;
				ENABLE_TESTABILITY = YES;
				GCC_C_LANGUAGE_STANDARD = gnu11;
				GCC_DYNAMIC_NO_PIC = NO;
				GCC_NO_COMMON_BLOCKS = YES;
				GCC_OPTIMIZATION_LEVEL = 0;
				GCC_PREPROCESSOR_DEFINITIONS = (
					"DEBUG=1",
					"$(inherited)",
				);
				GCC_WARN_64_TO_32_BIT_CONVERSION = YES;
				GCC_WARN_ABOUT_RETURN_TYPE = YES_ERROR;
				GCC_WARN_UNDECLARED_SELECTOR = YES;
				GCC_WARN_UNINITIALIZED_AUTOS = YES_AGGRESSIVE;
				GCC_WARN_UNUSED_FUNCTION = YES;
				GCC_WARN_UNUSED_VARIABLE = YES;
				IPHONEOS_DEPLOYMENT_TARGET = 12.2;
				MTL_ENABLE_DEBUG_INFO = INCLUDE_SOURCE;
				MTL_FAST_MATH = YES;
				ONLY_ACTIVE_ARCH = YES;
				SDKROOT = iphoneos;
			};
			name = Debug;
		};
		851C303522D3FBD90006E193 /* Release */ = {
			isa = XCBuildConfiguration;
			buildSettings = {
				ALWAYS_SEARCH_USER_PATHS = NO;
				CLANG_ANALYZER_NONNULL = YES;
				CLANG_ANALYZER_NUMBER_OBJECT_CONVERSION = YES_AGGRESSIVE;
				CLANG_CXX_LANGUAGE_STANDARD = "gnu++14";
				CLANG_CXX_LIBRARY = "libc++";
				CLANG_ENABLE_MODULES = YES;
				CLANG_ENABLE_OBJC_ARC = YES;
				CLANG_ENABLE_OBJC_WEAK = YES;
				CLANG_WARN_BLOCK_CAPTURE_AUTORELEASING = YES;
				CLANG_WARN_BOOL_CONVERSION = YES;
				CLANG_WARN_COMMA = YES;
				CLANG_WARN_CONSTANT_CONVERSION = YES;
				CLANG_WARN_DEPRECATED_OBJC_IMPLEMENTATIONS = YES;
				CLANG_WARN_DIRECT_OBJC_ISA_USAGE = YES_ERROR;
				CLANG_WARN_DOCUMENTATION_COMMENTS = YES;
				CLANG_WARN_EMPTY_BODY = YES;
				CLANG_WARN_ENUM_CONVERSION = YES;
				CLANG_WARN_INFINITE_RECURSION = YES;
				CLANG_WARN_INT_CONVERSION = YES;
				CLANG_WARN_NON_LITERAL_NULL_CONVERSION = YES;
				CLANG_WARN_OBJC_IMPLICIT_RETAIN_SELF = YES;
				CLANG_WARN_OBJC_LITERAL_CONVERSION = YES;
				CLANG_WARN_OBJC_ROOT_CLASS = YES_ERROR;
				CLANG_WARN_RANGE_LOOP_ANALYSIS = YES;
				CLANG_WARN_STRICT_PROTOTYPES = YES;
				CLANG_WARN_SUSPICIOUS_MOVE = YES;
				CLANG_WARN_UNGUARDED_AVAILABILITY = YES_AGGRESSIVE;
				CLANG_WARN_UNREACHABLE_CODE = YES;
				CLANG_WARN__DUPLICATE_METHOD_MATCH = YES;
				CODE_SIGN_IDENTITY = "iPhone Developer";
				COPY_PHASE_STRIP = NO;
				DEBUG_INFORMATION_FORMAT = "dwarf-with-dsym";
				ENABLE_NS_ASSERTIONS = NO;
				ENABLE_STRICT_OBJC_MSGSEND = YES;
				GCC_C_LANGUAGE_STANDARD = gnu11;
				GCC_NO_COMMON_BLOCKS = YES;
				GCC_WARN_64_TO_32_BIT_CONVERSION = YES;
				GCC_WARN_ABOUT_RETURN_TYPE = YES_ERROR;
				GCC_WARN_UNDECLARED_SELECTOR = YES;
				GCC_WARN_UNINITIALIZED_AUTOS = YES_AGGRESSIVE;
				GCC_WARN_UNUSED_FUNCTION = YES;
				GCC_WARN_UNUSED_VARIABLE = YES;
				IPHONEOS_DEPLOYMENT_TARGET = 12.2;
				MTL_ENABLE_DEBUG_INFO = NO;
				MTL_FAST_MATH = YES;
				SDKROOT = iphoneos;
				VALIDATE_PRODUCT = YES;
			};
			name = Release;
		};
		851C303722D3FBD90006E193 /* Debug */ = {
			isa = XCBuildConfiguration;
			baseConfigurationReference = 8C5F744C6233EE2DAEE75CFC /* Pods-instagram.debug.xcconfig */;
			buildSettings = {
				ASSETCATALOG_COMPILER_APPICON_NAME = AppIcon;
				CODE_SIGN_STYLE = Automatic;
				DEVELOPMENT_TEAM = AYSD95MPFJ;
				INFOPLIST_FILE = instagram/Info.plist;
				IPHONEOS_DEPLOYMENT_TARGET = 12.2;
				LD_RUNPATH_SEARCH_PATHS = (
					"$(inherited)",
					"@executable_path/Frameworks",
				);
				PRODUCT_BUNDLE_IDENTIFIER = com.lucjia.instagram;
				PRODUCT_NAME = "$(TARGET_NAME)";
				TARGETED_DEVICE_FAMILY = "1,2";
			};
			name = Debug;
		};
		851C303822D3FBD90006E193 /* Release */ = {
			isa = XCBuildConfiguration;
			baseConfigurationReference = 298B2DB888126AB80CF54440 /* Pods-instagram.release.xcconfig */;
			buildSettings = {
				ASSETCATALOG_COMPILER_APPICON_NAME = AppIcon;
				CODE_SIGN_STYLE = Automatic;
				DEVELOPMENT_TEAM = AYSD95MPFJ;
				INFOPLIST_FILE = instagram/Info.plist;
				IPHONEOS_DEPLOYMENT_TARGET = 12.2;
				LD_RUNPATH_SEARCH_PATHS = (
					"$(inherited)",
					"@executable_path/Frameworks",
				);
				PRODUCT_BUNDLE_IDENTIFIER = com.lucjia.instagram;
				PRODUCT_NAME = "$(TARGET_NAME)";
				TARGETED_DEVICE_FAMILY = "1,2";
			};
			name = Release;
		};
		851C303A22D3FBD90006E193 /* Debug */ = {
			isa = XCBuildConfiguration;
			baseConfigurationReference = 2651908FA3503B9FB71B167B /* Pods-instagramTests.debug.xcconfig */;
			buildSettings = {
				BUNDLE_LOADER = "$(TEST_HOST)";
				CODE_SIGN_STYLE = Automatic;
				DEVELOPMENT_TEAM = AYSD95MPFJ;
				INFOPLIST_FILE = instagramTests/Info.plist;
				LD_RUNPATH_SEARCH_PATHS = (
					"$(inherited)",
					"@executable_path/Frameworks",
					"@loader_path/Frameworks",
				);
				PRODUCT_BUNDLE_IDENTIFIER = com.lucjia.instagramTests;
				PRODUCT_NAME = "$(TARGET_NAME)";
				TARGETED_DEVICE_FAMILY = "1,2";
				TEST_HOST = "$(BUILT_PRODUCTS_DIR)/instagram.app/instagram";
			};
			name = Debug;
		};
		851C303B22D3FBD90006E193 /* Release */ = {
			isa = XCBuildConfiguration;
			baseConfigurationReference = D1287DD3B3C330000B397DF8 /* Pods-instagramTests.release.xcconfig */;
			buildSettings = {
				BUNDLE_LOADER = "$(TEST_HOST)";
				CODE_SIGN_STYLE = Automatic;
				DEVELOPMENT_TEAM = AYSD95MPFJ;
				INFOPLIST_FILE = instagramTests/Info.plist;
				LD_RUNPATH_SEARCH_PATHS = (
					"$(inherited)",
					"@executable_path/Frameworks",
					"@loader_path/Frameworks",
				);
				PRODUCT_BUNDLE_IDENTIFIER = com.lucjia.instagramTests;
				PRODUCT_NAME = "$(TARGET_NAME)";
				TARGETED_DEVICE_FAMILY = "1,2";
				TEST_HOST = "$(BUILT_PRODUCTS_DIR)/instagram.app/instagram";
			};
			name = Release;
		};
		851C303D22D3FBD90006E193 /* Debug */ = {
			isa = XCBuildConfiguration;
			baseConfigurationReference = A882C65C27F51EA53CB05652 /* Pods-instagramUITests.debug.xcconfig */;
			buildSettings = {
				CODE_SIGN_STYLE = Automatic;
				DEVELOPMENT_TEAM = AYSD95MPFJ;
				INFOPLIST_FILE = instagramUITests/Info.plist;
				LD_RUNPATH_SEARCH_PATHS = (
					"$(inherited)",
					"@executable_path/Frameworks",
					"@loader_path/Frameworks",
				);
				PRODUCT_BUNDLE_IDENTIFIER = com.lucjia.instagramUITests;
				PRODUCT_NAME = "$(TARGET_NAME)";
				TARGETED_DEVICE_FAMILY = "1,2";
				TEST_TARGET_NAME = instagram;
			};
			name = Debug;
		};
		851C303E22D3FBD90006E193 /* Release */ = {
			isa = XCBuildConfiguration;
			baseConfigurationReference = E6B391581FEBBA73F8DB649F /* Pods-instagramUITests.release.xcconfig */;
			buildSettings = {
				CODE_SIGN_STYLE = Automatic;
				DEVELOPMENT_TEAM = AYSD95MPFJ;
				INFOPLIST_FILE = instagramUITests/Info.plist;
				LD_RUNPATH_SEARCH_PATHS = (
					"$(inherited)",
					"@executable_path/Frameworks",
					"@loader_path/Frameworks",
				);
				PRODUCT_BUNDLE_IDENTIFIER = com.lucjia.instagramUITests;
				PRODUCT_NAME = "$(TARGET_NAME)";
				TARGETED_DEVICE_FAMILY = "1,2";
				TEST_TARGET_NAME = instagram;
			};
			name = Release;
		};
/* End XCBuildConfiguration section */

/* Begin XCConfigurationList section */
		851C300522D3FBD80006E193 /* Build configuration list for PBXProject "instagram" */ = {
			isa = XCConfigurationList;
			buildConfigurations = (
				851C303422D3FBD90006E193 /* Debug */,
				851C303522D3FBD90006E193 /* Release */,
			);
			defaultConfigurationIsVisible = 0;
			defaultConfigurationName = Release;
		};
		851C303622D3FBD90006E193 /* Build configuration list for PBXNativeTarget "instagram" */ = {
			isa = XCConfigurationList;
			buildConfigurations = (
				851C303722D3FBD90006E193 /* Debug */,
				851C303822D3FBD90006E193 /* Release */,
			);
			defaultConfigurationIsVisible = 0;
			defaultConfigurationName = Release;
		};
		851C303922D3FBD90006E193 /* Build configuration list for PBXNativeTarget "instagramTests" */ = {
			isa = XCConfigurationList;
			buildConfigurations = (
				851C303A22D3FBD90006E193 /* Debug */,
				851C303B22D3FBD90006E193 /* Release */,
			);
			defaultConfigurationIsVisible = 0;
			defaultConfigurationName = Release;
		};
		851C303C22D3FBD90006E193 /* Build configuration list for PBXNativeTarget "instagramUITests" */ = {
			isa = XCConfigurationList;
			buildConfigurations = (
				851C303D22D3FBD90006E193 /* Debug */,
				851C303E22D3FBD90006E193 /* Release */,
			);
			defaultConfigurationIsVisible = 0;
			defaultConfigurationName = Release;
		};
/* End XCConfigurationList section */
	};
	rootObject = 851C300222D3FBD80006E193 /* Project object */;
}
